
Microsoft Visual Studio Solution File, Format Version 12.00
# Visual Studio 15
VisualStudioVersion = 15.0.28307.852
MinimumVisualStudioVersion = 10.0.40219.1
Project("{FAE04EC0-301F-11D3-BF4B-00C04F79EFBC}") = "AbstractFactory", "AbstractFactory\AbstractFactory.csproj", "{8228DEBE-2C67-494E-B493-CE2B5041D1CF}"
EndProject
Project("{FAE04EC0-301F-11D3-BF4B-00C04F79EFBC}") = "Builder", "Builder\Builder.csproj", "{D9346C08-BC5F-4E1F-898C-8FC28DCF0F14}"
EndProject
Project("{FAE04EC0-301F-11D3-BF4B-00C04F79EFBC}") = "Factory", "Factory\Factory.csproj", "{05B79361-EFE7-4E35-9275-F8EA48A31132}"
EndProject
Project("{FAE04EC0-301F-11D3-BF4B-00C04F79EFBC}") = "Prototype", "Prototype\Prototype.csproj", "{9FEB4EA2-AA97-4319-AAAB-11CD4D79C399}"
EndProject
Project("{FAE04EC0-301F-11D3-BF4B-00C04F79EFBC}") = "Singleton", "Singleton\Singleton.csproj", "{1AFAA7E9-4CCC-4A3E-80C3-957CB61F0BD2}"
EndProject
Project("{FAE04EC0-301F-11D3-BF4B-00C04F79EFBC}") = "Adapter", "Adapter\Adapter.csproj", "{7C520BE3-502F-4902-89A1-7CCE048EE373}"
EndProject
Project("{2150E333-8FDC-42A3-9474-1A3956D46DE8}") = "Creational Patterns", "Creational Patterns", "{B86ADD60-F717-4819-AEB4-BBA33EC8C87C}"
EndProject
Project("{2150E333-8FDC-42A3-9474-1A3956D46DE8}") = "Structural Patterns", "Structural Patterns", "{EE6461C0-B5C3-40CF-8F97-1CE81158D5FF}"
EndProject
Project("{2150E333-8FDC-42A3-9474-1A3956D46DE8}") = "Behavioral Patterns", "Behavioral Patterns", "{BF24F7E5-638C-45CC-B9E9-C6E750026846}"
EndProject
Project("{FAE04EC0-301F-11D3-BF4B-00C04F79EFBC}") = "Iterator", "Iterator\Iterator.csproj", "{2AF87E45-89EA-451E-B910-D088574DC62A}"
EndProject
Project("{FAE04EC0-301F-11D3-BF4B-00C04F79EFBC}") = "Bridge", "Bridge\Bridge.csproj", "{AD288808-C485-4FC3-B84E-92D49D390301}"
EndProject
Project("{FAE04EC0-301F-11D3-BF4B-00C04F79EFBC}") = "Proxy", "Proxy\Proxy.csproj", "{6F7E5A92-A231-4DB2-8A2C-CA160F5DE135}"
EndProject
Project("{FAE04EC0-301F-11D3-BF4B-00C04F79EFBC}") = "Composite", "Composite\Composite.csproj", "{DFD5BD09-CD09-4E1C-A6E8-5D5D09CF0310}"
EndProject
Project("{FAE04EC0-301F-11D3-BF4B-00C04F79EFBC}") = "Decorator", "Decorator\Decorator.csproj", "{D78F70CB-6870-4688-9D9C-FDDD63406F71}"
EndProject
Project("{FAE04EC0-301F-11D3-BF4B-00C04F79EFBC}") = "Facade", "Facade\Facade.csproj", "{C23FFAAB-52FB-468F-806F-D0456CB3040C}"
EndProject
Project("{FAE04EC0-301F-11D3-BF4B-00C04F79EFBC}") = "Flyweight", "Flyweight\Flyweight.csproj", "{23E2B2F7-5075-4194-A414-627F5C5262EF}"
EndProject
Global
	GlobalSection(SolutionConfigurationPlatforms) = preSolution
		Debug|Any CPU = Debug|Any CPU
		Debug|ARM = Debug|ARM
		Debug|ARM64 = Debug|ARM64
		Debug|x64 = Debug|x64
		Debug|x86 = Debug|x86
		Release|Any CPU = Release|Any CPU
		Release|ARM = Release|ARM
		Release|ARM64 = Release|ARM64
		Release|x64 = Release|x64
		Release|x86 = Release|x86
	EndGlobalSection
	GlobalSection(ProjectConfigurationPlatforms) = postSolution
		{8228DEBE-2C67-494E-B493-CE2B5041D1CF}.Debug|Any CPU.ActiveCfg = Debug|Any CPU
		{8228DEBE-2C67-494E-B493-CE2B5041D1CF}.Debug|Any CPU.Build.0 = Debug|Any CPU
		{8228DEBE-2C67-494E-B493-CE2B5041D1CF}.Debug|ARM.ActiveCfg = Debug|Any CPU
		{8228DEBE-2C67-494E-B493-CE2B5041D1CF}.Debug|ARM.Build.0 = Debug|Any CPU
		{8228DEBE-2C67-494E-B493-CE2B5041D1CF}.Debug|ARM64.ActiveCfg = Debug|Any CPU
		{8228DEBE-2C67-494E-B493-CE2B5041D1CF}.Debug|ARM64.Build.0 = Debug|Any CPU
		{8228DEBE-2C67-494E-B493-CE2B5041D1CF}.Debug|x64.ActiveCfg = Debug|Any CPU
		{8228DEBE-2C67-494E-B493-CE2B5041D1CF}.Debug|x64.Build.0 = Debug|Any CPU
		{8228DEBE-2C67-494E-B493-CE2B5041D1CF}.Debug|x86.ActiveCfg = Debug|Any CPU
		{8228DEBE-2C67-494E-B493-CE2B5041D1CF}.Debug|x86.Build.0 = Debug|Any CPU
		{8228DEBE-2C67-494E-B493-CE2B5041D1CF}.Release|Any CPU.ActiveCfg = Release|Any CPU
		{8228DEBE-2C67-494E-B493-CE2B5041D1CF}.Release|Any CPU.Build.0 = Release|Any CPU
		{8228DEBE-2C67-494E-B493-CE2B5041D1CF}.Release|ARM.ActiveCfg = Release|Any CPU
		{8228DEBE-2C67-494E-B493-CE2B5041D1CF}.Release|ARM.Build.0 = Release|Any CPU
		{8228DEBE-2C67-494E-B493-CE2B5041D1CF}.Release|ARM64.ActiveCfg = Release|Any CPU
		{8228DEBE-2C67-494E-B493-CE2B5041D1CF}.Release|ARM64.Build.0 = Release|Any CPU
		{8228DEBE-2C67-494E-B493-CE2B5041D1CF}.Release|x64.ActiveCfg = Release|Any CPU
		{8228DEBE-2C67-494E-B493-CE2B5041D1CF}.Release|x64.Build.0 = Release|Any CPU
		{8228DEBE-2C67-494E-B493-CE2B5041D1CF}.Release|x86.ActiveCfg = Release|Any CPU
		{8228DEBE-2C67-494E-B493-CE2B5041D1CF}.Release|x86.Build.0 = Release|Any CPU
		{D9346C08-BC5F-4E1F-898C-8FC28DCF0F14}.Debug|Any CPU.ActiveCfg = Debug|Any CPU
		{D9346C08-BC5F-4E1F-898C-8FC28DCF0F14}.Debug|Any CPU.Build.0 = Debug|Any CPU
		{D9346C08-BC5F-4E1F-898C-8FC28DCF0F14}.Debug|ARM.ActiveCfg = Debug|Any CPU
		{D9346C08-BC5F-4E1F-898C-8FC28DCF0F14}.Debug|ARM.Build.0 = Debug|Any CPU
		{D9346C08-BC5F-4E1F-898C-8FC28DCF0F14}.Debug|ARM64.ActiveCfg = Debug|Any CPU
		{D9346C08-BC5F-4E1F-898C-8FC28DCF0F14}.Debug|ARM64.Build.0 = Debug|Any CPU
		{D9346C08-BC5F-4E1F-898C-8FC28DCF0F14}.Debug|x64.ActiveCfg = Debug|Any CPU
		{D9346C08-BC5F-4E1F-898C-8FC28DCF0F14}.Debug|x64.Build.0 = Debug|Any CPU
		{D9346C08-BC5F-4E1F-898C-8FC28DCF0F14}.Debug|x86.ActiveCfg = Debug|Any CPU
		{D9346C08-BC5F-4E1F-898C-8FC28DCF0F14}.Debug|x86.Build.0 = Debug|Any CPU
		{D9346C08-BC5F-4E1F-898C-8FC28DCF0F14}.Release|Any CPU.ActiveCfg = Release|Any CPU
		{D9346C08-BC5F-4E1F-898C-8FC28DCF0F14}.Release|Any CPU.Build.0 = Release|Any CPU
		{D9346C08-BC5F-4E1F-898C-8FC28DCF0F14}.Release|ARM.ActiveCfg = Release|Any CPU
		{D9346C08-BC5F-4E1F-898C-8FC28DCF0F14}.Release|ARM.Build.0 = Release|Any CPU
		{D9346C08-BC5F-4E1F-898C-8FC28DCF0F14}.Release|ARM64.ActiveCfg = Release|Any CPU
		{D9346C08-BC5F-4E1F-898C-8FC28DCF0F14}.Release|ARM64.Build.0 = Release|Any CPU
		{D9346C08-BC5F-4E1F-898C-8FC28DCF0F14}.Release|x64.ActiveCfg = Release|Any CPU
		{D9346C08-BC5F-4E1F-898C-8FC28DCF0F14}.Release|x64.Build.0 = Release|Any CPU
		{D9346C08-BC5F-4E1F-898C-8FC28DCF0F14}.Release|x86.ActiveCfg = Release|Any CPU
		{D9346C08-BC5F-4E1F-898C-8FC28DCF0F14}.Release|x86.Build.0 = Release|Any CPU
		{05B79361-EFE7-4E35-9275-F8EA48A31132}.Debug|Any CPU.ActiveCfg = Debug|Any CPU
		{05B79361-EFE7-4E35-9275-F8EA48A31132}.Debug|Any CPU.Build.0 = Debug|Any CPU
		{05B79361-EFE7-4E35-9275-F8EA48A31132}.Debug|ARM.ActiveCfg = Debug|Any CPU
		{05B79361-EFE7-4E35-9275-F8EA48A31132}.Debug|ARM.Build.0 = Debug|Any CPU
		{05B79361-EFE7-4E35-9275-F8EA48A31132}.Debug|ARM64.ActiveCfg = Debug|Any CPU
		{05B79361-EFE7-4E35-9275-F8EA48A31132}.Debug|ARM64.Build.0 = Debug|Any CPU
		{05B79361-EFE7-4E35-9275-F8EA48A31132}.Debug|x64.ActiveCfg = Debug|Any CPU
		{05B79361-EFE7-4E35-9275-F8EA48A31132}.Debug|x64.Build.0 = Debug|Any CPU
		{05B79361-EFE7-4E35-9275-F8EA48A31132}.Debug|x86.ActiveCfg = Debug|Any CPU
		{05B79361-EFE7-4E35-9275-F8EA48A31132}.Debug|x86.Build.0 = Debug|Any CPU
		{05B79361-EFE7-4E35-9275-F8EA48A31132}.Release|Any CPU.ActiveCfg = Release|Any CPU
		{05B79361-EFE7-4E35-9275-F8EA48A31132}.Release|Any CPU.Build.0 = Release|Any CPU
		{05B79361-EFE7-4E35-9275-F8EA48A31132}.Release|ARM.ActiveCfg = Release|Any CPU
		{05B79361-EFE7-4E35-9275-F8EA48A31132}.Release|ARM.Build.0 = Release|Any CPU
		{05B79361-EFE7-4E35-9275-F8EA48A31132}.Release|ARM64.ActiveCfg = Release|Any CPU
		{05B79361-EFE7-4E35-9275-F8EA48A31132}.Release|ARM64.Build.0 = Release|Any CPU
		{05B79361-EFE7-4E35-9275-F8EA48A31132}.Release|x64.ActiveCfg = Release|Any CPU
		{05B79361-EFE7-4E35-9275-F8EA48A31132}.Release|x64.Build.0 = Release|Any CPU
		{05B79361-EFE7-4E35-9275-F8EA48A31132}.Release|x86.ActiveCfg = Release|Any CPU
		{05B79361-EFE7-4E35-9275-F8EA48A31132}.Release|x86.Build.0 = Release|Any CPU
		{9FEB4EA2-AA97-4319-AAAB-11CD4D79C399}.Debug|Any CPU.ActiveCfg = Debug|Any CPU
		{9FEB4EA2-AA97-4319-AAAB-11CD4D79C399}.Debug|Any CPU.Build.0 = Debug|Any CPU
		{9FEB4EA2-AA97-4319-AAAB-11CD4D79C399}.Debug|ARM.ActiveCfg = Debug|Any CPU
		{9FEB4EA2-AA97-4319-AAAB-11CD4D79C399}.Debug|ARM.Build.0 = Debug|Any CPU
		{9FEB4EA2-AA97-4319-AAAB-11CD4D79C399}.Debug|ARM64.ActiveCfg = Debug|Any CPU
		{9FEB4EA2-AA97-4319-AAAB-11CD4D79C399}.Debug|ARM64.Build.0 = Debug|Any CPU
		{9FEB4EA2-AA97-4319-AAAB-11CD4D79C399}.Debug|x64.ActiveCfg = Debug|Any CPU
		{9FEB4EA2-AA97-4319-AAAB-11CD4D79C399}.Debug|x64.Build.0 = Debug|Any CPU
		{9FEB4EA2-AA97-4319-AAAB-11CD4D79C399}.Debug|x86.ActiveCfg = Debug|Any CPU
		{9FEB4EA2-AA97-4319-AAAB-11CD4D79C399}.Debug|x86.Build.0 = Debug|Any CPU
		{9FEB4EA2-AA97-4319-AAAB-11CD4D79C399}.Release|Any CPU.ActiveCfg = Release|Any CPU
		{9FEB4EA2-AA97-4319-AAAB-11CD4D79C399}.Release|Any CPU.Build.0 = Release|Any CPU
		{9FEB4EA2-AA97-4319-AAAB-11CD4D79C399}.Release|ARM.ActiveCfg = Release|Any CPU
		{9FEB4EA2-AA97-4319-AAAB-11CD4D79C399}.Release|ARM.Build.0 = Release|Any CPU
		{9FEB4EA2-AA97-4319-AAAB-11CD4D79C399}.Release|ARM64.ActiveCfg = Release|Any CPU
		{9FEB4EA2-AA97-4319-AAAB-11CD4D79C399}.Release|ARM64.Build.0 = Release|Any CPU
		{9FEB4EA2-AA97-4319-AAAB-11CD4D79C399}.Release|x64.ActiveCfg = Release|Any CPU
		{9FEB4EA2-AA97-4319-AAAB-11CD4D79C399}.Release|x64.Build.0 = Release|Any CPU
		{9FEB4EA2-AA97-4319-AAAB-11CD4D79C399}.Release|x86.ActiveCfg = Release|Any CPU
		{9FEB4EA2-AA97-4319-AAAB-11CD4D79C399}.Release|x86.Build.0 = Release|Any CPU
		{1AFAA7E9-4CCC-4A3E-80C3-957CB61F0BD2}.Debug|Any CPU.ActiveCfg = Debug|Any CPU
		{1AFAA7E9-4CCC-4A3E-80C3-957CB61F0BD2}.Debug|Any CPU.Build.0 = Debug|Any CPU
		{1AFAA7E9-4CCC-4A3E-80C3-957CB61F0BD2}.Debug|ARM.ActiveCfg = Debug|Any CPU
		{1AFAA7E9-4CCC-4A3E-80C3-957CB61F0BD2}.Debug|ARM.Build.0 = Debug|Any CPU
		{1AFAA7E9-4CCC-4A3E-80C3-957CB61F0BD2}.Debug|ARM64.ActiveCfg = Debug|Any CPU
		{1AFAA7E9-4CCC-4A3E-80C3-957CB61F0BD2}.Debug|ARM64.Build.0 = Debug|Any CPU
		{1AFAA7E9-4CCC-4A3E-80C3-957CB61F0BD2}.Debug|x64.ActiveCfg = Debug|Any CPU
		{1AFAA7E9-4CCC-4A3E-80C3-957CB61F0BD2}.Debug|x64.Build.0 = Debug|Any CPU
		{1AFAA7E9-4CCC-4A3E-80C3-957CB61F0BD2}.Debug|x86.ActiveCfg = Debug|Any CPU
		{1AFAA7E9-4CCC-4A3E-80C3-957CB61F0BD2}.Debug|x86.Build.0 = Debug|Any CPU
		{1AFAA7E9-4CCC-4A3E-80C3-957CB61F0BD2}.Release|Any CPU.ActiveCfg = Release|Any CPU
		{1AFAA7E9-4CCC-4A3E-80C3-957CB61F0BD2}.Release|Any CPU.Build.0 = Release|Any CPU
		{1AFAA7E9-4CCC-4A3E-80C3-957CB61F0BD2}.Release|ARM.ActiveCfg = Release|Any CPU
		{1AFAA7E9-4CCC-4A3E-80C3-957CB61F0BD2}.Release|ARM.Build.0 = Release|Any CPU
		{1AFAA7E9-4CCC-4A3E-80C3-957CB61F0BD2}.Release|ARM64.ActiveCfg = Release|Any CPU
		{1AFAA7E9-4CCC-4A3E-80C3-957CB61F0BD2}.Release|ARM64.Build.0 = Release|Any CPU
		{1AFAA7E9-4CCC-4A3E-80C3-957CB61F0BD2}.Release|x64.ActiveCfg = Release|Any CPU
		{1AFAA7E9-4CCC-4A3E-80C3-957CB61F0BD2}.Release|x64.Build.0 = Release|Any CPU
		{1AFAA7E9-4CCC-4A3E-80C3-957CB61F0BD2}.Release|x86.ActiveCfg = Release|Any CPU
		{1AFAA7E9-4CCC-4A3E-80C3-957CB61F0BD2}.Release|x86.Build.0 = Release|Any CPU
		{7C520BE3-502F-4902-89A1-7CCE048EE373}.Debug|Any CPU.ActiveCfg = Debug|Any CPU
		{7C520BE3-502F-4902-89A1-7CCE048EE373}.Debug|Any CPU.Build.0 = Debug|Any CPU
		{7C520BE3-502F-4902-89A1-7CCE048EE373}.Debug|ARM.ActiveCfg = Debug|Any CPU
		{7C520BE3-502F-4902-89A1-7CCE048EE373}.Debug|ARM.Build.0 = Debug|Any CPU
		{7C520BE3-502F-4902-89A1-7CCE048EE373}.Debug|ARM64.ActiveCfg = Debug|Any CPU
		{7C520BE3-502F-4902-89A1-7CCE048EE373}.Debug|ARM64.Build.0 = Debug|Any CPU
		{7C520BE3-502F-4902-89A1-7CCE048EE373}.Debug|x64.ActiveCfg = Debug|Any CPU
		{7C520BE3-502F-4902-89A1-7CCE048EE373}.Debug|x64.Build.0 = Debug|Any CPU
		{7C520BE3-502F-4902-89A1-7CCE048EE373}.Debug|x86.ActiveCfg = Debug|Any CPU
		{7C520BE3-502F-4902-89A1-7CCE048EE373}.Debug|x86.Build.0 = Debug|Any CPU
		{7C520BE3-502F-4902-89A1-7CCE048EE373}.Release|Any CPU.ActiveCfg = Release|Any CPU
		{7C520BE3-502F-4902-89A1-7CCE048EE373}.Release|Any CPU.Build.0 = Release|Any CPU
		{7C520BE3-502F-4902-89A1-7CCE048EE373}.Release|ARM.ActiveCfg = Release|Any CPU
		{7C520BE3-502F-4902-89A1-7CCE048EE373}.Release|ARM.Build.0 = Release|Any CPU
		{7C520BE3-502F-4902-89A1-7CCE048EE373}.Release|ARM64.ActiveCfg = Release|Any CPU
		{7C520BE3-502F-4902-89A1-7CCE048EE373}.Release|ARM64.Build.0 = Release|Any CPU
		{7C520BE3-502F-4902-89A1-7CCE048EE373}.Release|x64.ActiveCfg = Release|Any CPU
		{7C520BE3-502F-4902-89A1-7CCE048EE373}.Release|x64.Build.0 = Release|Any CPU
		{7C520BE3-502F-4902-89A1-7CCE048EE373}.Release|x86.ActiveCfg = Release|Any CPU
		{7C520BE3-502F-4902-89A1-7CCE048EE373}.Release|x86.Build.0 = Release|Any CPU
		{2AF87E45-89EA-451E-B910-D088574DC62A}.Debug|Any CPU.ActiveCfg = Debug|Any CPU
		{2AF87E45-89EA-451E-B910-D088574DC62A}.Debug|Any CPU.Build.0 = Debug|Any CPU
		{2AF87E45-89EA-451E-B910-D088574DC62A}.Debug|ARM.ActiveCfg = Debug|Any CPU
		{2AF87E45-89EA-451E-B910-D088574DC62A}.Debug|ARM.Build.0 = Debug|Any CPU
		{2AF87E45-89EA-451E-B910-D088574DC62A}.Debug|ARM64.ActiveCfg = Debug|Any CPU
		{2AF87E45-89EA-451E-B910-D088574DC62A}.Debug|ARM64.Build.0 = Debug|Any CPU
		{2AF87E45-89EA-451E-B910-D088574DC62A}.Debug|x64.ActiveCfg = Debug|Any CPU
		{2AF87E45-89EA-451E-B910-D088574DC62A}.Debug|x64.Build.0 = Debug|Any CPU
		{2AF87E45-89EA-451E-B910-D088574DC62A}.Debug|x86.ActiveCfg = Debug|Any CPU
		{2AF87E45-89EA-451E-B910-D088574DC62A}.Debug|x86.Build.0 = Debug|Any CPU
		{2AF87E45-89EA-451E-B910-D088574DC62A}.Release|Any CPU.ActiveCfg = Release|Any CPU
		{2AF87E45-89EA-451E-B910-D088574DC62A}.Release|Any CPU.Build.0 = Release|Any CPU
		{2AF87E45-89EA-451E-B910-D088574DC62A}.Release|ARM.ActiveCfg = Release|Any CPU
		{2AF87E45-89EA-451E-B910-D088574DC62A}.Release|ARM.Build.0 = Release|Any CPU
		{2AF87E45-89EA-451E-B910-D088574DC62A}.Release|ARM64.ActiveCfg = Release|Any CPU
		{2AF87E45-89EA-451E-B910-D088574DC62A}.Release|ARM64.Build.0 = Release|Any CPU
		{2AF87E45-89EA-451E-B910-D088574DC62A}.Release|x64.ActiveCfg = Release|Any CPU
		{2AF87E45-89EA-451E-B910-D088574DC62A}.Release|x64.Build.0 = Release|Any CPU
		{2AF87E45-89EA-451E-B910-D088574DC62A}.Release|x86.ActiveCfg = Release|Any CPU
		{2AF87E45-89EA-451E-B910-D088574DC62A}.Release|x86.Build.0 = Release|Any CPU
		{AD288808-C485-4FC3-B84E-92D49D390301}.Debug|Any CPU.ActiveCfg = Debug|Any CPU
		{AD288808-C485-4FC3-B84E-92D49D390301}.Debug|Any CPU.Build.0 = Debug|Any CPU
		{AD288808-C485-4FC3-B84E-92D49D390301}.Debug|ARM.ActiveCfg = Debug|Any CPU
		{AD288808-C485-4FC3-B84E-92D49D390301}.Debug|ARM.Build.0 = Debug|Any CPU
		{AD288808-C485-4FC3-B84E-92D49D390301}.Debug|ARM64.ActiveCfg = Debug|Any CPU
		{AD288808-C485-4FC3-B84E-92D49D390301}.Debug|ARM64.Build.0 = Debug|Any CPU
		{AD288808-C485-4FC3-B84E-92D49D390301}.Debug|x64.ActiveCfg = Debug|Any CPU
		{AD288808-C485-4FC3-B84E-92D49D390301}.Debug|x64.Build.0 = Debug|Any CPU
		{AD288808-C485-4FC3-B84E-92D49D390301}.Debug|x86.ActiveCfg = Debug|Any CPU
		{AD288808-C485-4FC3-B84E-92D49D390301}.Debug|x86.Build.0 = Debug|Any CPU
		{AD288808-C485-4FC3-B84E-92D49D390301}.Release|Any CPU.ActiveCfg = Release|Any CPU
		{AD288808-C485-4FC3-B84E-92D49D390301}.Release|Any CPU.Build.0 = Release|Any CPU
		{AD288808-C485-4FC3-B84E-92D49D390301}.Release|ARM.ActiveCfg = Release|Any CPU
		{AD288808-C485-4FC3-B84E-92D49D390301}.Release|ARM.Build.0 = Release|Any CPU
		{AD288808-C485-4FC3-B84E-92D49D390301}.Release|ARM64.ActiveCfg = Release|Any CPU
		{AD288808-C485-4FC3-B84E-92D49D390301}.Release|ARM64.Build.0 = Release|Any CPU
		{AD288808-C485-4FC3-B84E-92D49D390301}.Release|x64.ActiveCfg = Release|Any CPU
		{AD288808-C485-4FC3-B84E-92D49D390301}.Release|x64.Build.0 = Release|Any CPU
		{AD288808-C485-4FC3-B84E-92D49D390301}.Release|x86.ActiveCfg = Release|Any CPU
		{AD288808-C485-4FC3-B84E-92D49D390301}.Release|x86.Build.0 = Release|Any CPU
		{6F7E5A92-A231-4DB2-8A2C-CA160F5DE135}.Debug|Any CPU.ActiveCfg = Debug|Any CPU
		{6F7E5A92-A231-4DB2-8A2C-CA160F5DE135}.Debug|Any CPU.Build.0 = Debug|Any CPU
		{6F7E5A92-A231-4DB2-8A2C-CA160F5DE135}.Debug|ARM.ActiveCfg = Debug|Any CPU
		{6F7E5A92-A231-4DB2-8A2C-CA160F5DE135}.Debug|ARM.Build.0 = Debug|Any CPU
		{6F7E5A92-A231-4DB2-8A2C-CA160F5DE135}.Debug|ARM64.ActiveCfg = Debug|Any CPU
		{6F7E5A92-A231-4DB2-8A2C-CA160F5DE135}.Debug|ARM64.Build.0 = Debug|Any CPU
		{6F7E5A92-A231-4DB2-8A2C-CA160F5DE135}.Debug|x64.ActiveCfg = Debug|Any CPU
		{6F7E5A92-A231-4DB2-8A2C-CA160F5DE135}.Debug|x64.Build.0 = Debug|Any CPU
		{6F7E5A92-A231-4DB2-8A2C-CA160F5DE135}.Debug|x86.ActiveCfg = Debug|Any CPU
		{6F7E5A92-A231-4DB2-8A2C-CA160F5DE135}.Debug|x86.Build.0 = Debug|Any CPU
		{6F7E5A92-A231-4DB2-8A2C-CA160F5DE135}.Release|Any CPU.ActiveCfg = Release|Any CPU
		{6F7E5A92-A231-4DB2-8A2C-CA160F5DE135}.Release|Any CPU.Build.0 = Release|Any CPU
		{6F7E5A92-A231-4DB2-8A2C-CA160F5DE135}.Release|ARM.ActiveCfg = Release|Any CPU
		{6F7E5A92-A231-4DB2-8A2C-CA160F5DE135}.Release|ARM.Build.0 = Release|Any CPU
		{6F7E5A92-A231-4DB2-8A2C-CA160F5DE135}.Release|ARM64.ActiveCfg = Release|Any CPU
		{6F7E5A92-A231-4DB2-8A2C-CA160F5DE135}.Release|ARM64.Build.0 = Release|Any CPU
		{6F7E5A92-A231-4DB2-8A2C-CA160F5DE135}.Release|x64.ActiveCfg = Release|Any CPU
		{6F7E5A92-A231-4DB2-8A2C-CA160F5DE135}.Release|x64.Build.0 = Release|Any CPU
		{6F7E5A92-A231-4DB2-8A2C-CA160F5DE135}.Release|x86.ActiveCfg = Release|Any CPU
		{6F7E5A92-A231-4DB2-8A2C-CA160F5DE135}.Release|x86.Build.0 = Release|Any CPU
		{DFD5BD09-CD09-4E1C-A6E8-5D5D09CF0310}.Debug|Any CPU.ActiveCfg = Debug|Any CPU
		{DFD5BD09-CD09-4E1C-A6E8-5D5D09CF0310}.Debug|Any CPU.Build.0 = Debug|Any CPU
		{DFD5BD09-CD09-4E1C-A6E8-5D5D09CF0310}.Debug|ARM.ActiveCfg = Debug|Any CPU
		{DFD5BD09-CD09-4E1C-A6E8-5D5D09CF0310}.Debug|ARM.Build.0 = Debug|Any CPU
		{DFD5BD09-CD09-4E1C-A6E8-5D5D09CF0310}.Debug|ARM64.ActiveCfg = Debug|Any CPU
		{DFD5BD09-CD09-4E1C-A6E8-5D5D09CF0310}.Debug|ARM64.Build.0 = Debug|Any CPU
		{DFD5BD09-CD09-4E1C-A6E8-5D5D09CF0310}.Debug|x64.ActiveCfg = Debug|Any CPU
		{DFD5BD09-CD09-4E1C-A6E8-5D5D09CF0310}.Debug|x64.Build.0 = Debug|Any CPU
		{DFD5BD09-CD09-4E1C-A6E8-5D5D09CF0310}.Debug|x86.ActiveCfg = Debug|Any CPU
		{DFD5BD09-CD09-4E1C-A6E8-5D5D09CF0310}.Debug|x86.Build.0 = Debug|Any CPU
		{DFD5BD09-CD09-4E1C-A6E8-5D5D09CF0310}.Release|Any CPU.ActiveCfg = Release|Any CPU
		{DFD5BD09-CD09-4E1C-A6E8-5D5D09CF0310}.Release|Any CPU.Build.0 = Release|Any CPU
		{DFD5BD09-CD09-4E1C-A6E8-5D5D09CF0310}.Release|ARM.ActiveCfg = Release|Any CPU
		{DFD5BD09-CD09-4E1C-A6E8-5D5D09CF0310}.Release|ARM.Build.0 = Release|Any CPU
		{DFD5BD09-CD09-4E1C-A6E8-5D5D09CF0310}.Release|ARM64.ActiveCfg = Release|Any CPU
		{DFD5BD09-CD09-4E1C-A6E8-5D5D09CF0310}.Release|ARM64.Build.0 = Release|Any CPU
		{DFD5BD09-CD09-4E1C-A6E8-5D5D09CF0310}.Release|x64.ActiveCfg = Release|Any CPU
		{DFD5BD09-CD09-4E1C-A6E8-5D5D09CF0310}.Release|x64.Build.0 = Release|Any CPU
		{DFD5BD09-CD09-4E1C-A6E8-5D5D09CF0310}.Release|x86.ActiveCfg = Release|Any CPU
		{DFD5BD09-CD09-4E1C-A6E8-5D5D09CF0310}.Release|x86.Build.0 = Release|Any CPU
		{D78F70CB-6870-4688-9D9C-FDDD63406F71}.Debug|Any CPU.ActiveCfg = Debug|Any CPU
		{D78F70CB-6870-4688-9D9C-FDDD63406F71}.Debug|Any CPU.Build.0 = Debug|Any CPU
		{D78F70CB-6870-4688-9D9C-FDDD63406F71}.Debug|ARM.ActiveCfg = Debug|Any CPU
		{D78F70CB-6870-4688-9D9C-FDDD63406F71}.Debug|ARM.Build.0 = Debug|Any CPU
		{D78F70CB-6870-4688-9D9C-FDDD63406F71}.Debug|ARM64.ActiveCfg = Debug|Any CPU
		{D78F70CB-6870-4688-9D9C-FDDD63406F71}.Debug|ARM64.Build.0 = Debug|Any CPU
		{D78F70CB-6870-4688-9D9C-FDDD63406F71}.Debug|x64.ActiveCfg = Debug|Any CPU
		{D78F70CB-6870-4688-9D9C-FDDD63406F71}.Debug|x64.Build.0 = Debug|Any CPU
		{D78F70CB-6870-4688-9D9C-FDDD63406F71}.Debug|x86.ActiveCfg = Debug|Any CPU
		{D78F70CB-6870-4688-9D9C-FDDD63406F71}.Debug|x86.Build.0 = Debug|Any CPU
		{D78F70CB-6870-4688-9D9C-FDDD63406F71}.Release|Any CPU.ActiveCfg = Release|Any CPU
		{D78F70CB-6870-4688-9D9C-FDDD63406F71}.Release|Any CPU.Build.0 = Release|Any CPU
		{D78F70CB-6870-4688-9D9C-FDDD63406F71}.Release|ARM.ActiveCfg = Release|Any CPU
		{D78F70CB-6870-4688-9D9C-FDDD63406F71}.Release|ARM.Build.0 = Release|Any CPU
		{D78F70CB-6870-4688-9D9C-FDDD63406F71}.Release|ARM64.ActiveCfg = Release|Any CPU
		{D78F70CB-6870-4688-9D9C-FDDD63406F71}.Release|ARM64.Build.0 = Release|Any CPU
		{D78F70CB-6870-4688-9D9C-FDDD63406F71}.Release|x64.ActiveCfg = Release|Any CPU
		{D78F70CB-6870-4688-9D9C-FDDD63406F71}.Release|x64.Build.0 = Release|Any CPU
		{D78F70CB-6870-4688-9D9C-FDDD63406F71}.Release|x86.ActiveCfg = Release|Any CPU
		{D78F70CB-6870-4688-9D9C-FDDD63406F71}.Release|x86.Build.0 = Release|Any CPU
		{C23FFAAB-52FB-468F-806F-D0456CB3040C}.Debug|Any CPU.ActiveCfg = Debug|Any CPU
		{C23FFAAB-52FB-468F-806F-D0456CB3040C}.Debug|Any CPU.Build.0 = Debug|Any CPU
		{C23FFAAB-52FB-468F-806F-D0456CB3040C}.Debug|ARM.ActiveCfg = Debug|Any CPU
		{C23FFAAB-52FB-468F-806F-D0456CB3040C}.Debug|ARM.Build.0 = Debug|Any CPU
		{C23FFAAB-52FB-468F-806F-D0456CB3040C}.Debug|ARM64.ActiveCfg = Debug|Any CPU
		{C23FFAAB-52FB-468F-806F-D0456CB3040C}.Debug|ARM64.Build.0 = Debug|Any CPU
		{C23FFAAB-52FB-468F-806F-D0456CB3040C}.Debug|x64.ActiveCfg = Debug|Any CPU
		{C23FFAAB-52FB-468F-806F-D0456CB3040C}.Debug|x64.Build.0 = Debug|Any CPU
		{C23FFAAB-52FB-468F-806F-D0456CB3040C}.Debug|x86.ActiveCfg = Debug|Any CPU
		{C23FFAAB-52FB-468F-806F-D0456CB3040C}.Debug|x86.Build.0 = Debug|Any CPU
		{C23FFAAB-52FB-468F-806F-D0456CB3040C}.Release|Any CPU.ActiveCfg = Release|Any CPU
		{C23FFAAB-52FB-468F-806F-D0456CB3040C}.Release|Any CPU.Build.0 = Release|Any CPU
		{C23FFAAB-52FB-468F-806F-D0456CB3040C}.Release|ARM.ActiveCfg = Release|Any CPU
		{C23FFAAB-52FB-468F-806F-D0456CB3040C}.Release|ARM.Build.0 = Release|Any CPU
		{C23FFAAB-52FB-468F-806F-D0456CB3040C}.Release|ARM64.ActiveCfg = Release|Any CPU
		{C23FFAAB-52FB-468F-806F-D0456CB3040C}.Release|ARM64.Build.0 = Release|Any CPU
		{C23FFAAB-52FB-468F-806F-D0456CB3040C}.Release|x64.ActiveCfg = Release|Any CPU
		{C23FFAAB-52FB-468F-806F-D0456CB3040C}.Release|x64.Build.0 = Release|Any CPU
		{C23FFAAB-52FB-468F-806F-D0456CB3040C}.Release|x86.ActiveCfg = Release|Any CPU
		{C23FFAAB-52FB-468F-806F-D0456CB3040C}.Release|x86.Build.0 = Release|Any CPU
		{23E2B2F7-5075-4194-A414-627F5C5262EF}.Debug|Any CPU.ActiveCfg = Debug|Any CPU
		{23E2B2F7-5075-4194-A414-627F5C5262EF}.Debug|Any CPU.Build.0 = Debug|Any CPU
		{23E2B2F7-5075-4194-A414-627F5C5262EF}.Debug|ARM.ActiveCfg = Debug|Any CPU
		{23E2B2F7-5075-4194-A414-627F5C5262EF}.Debug|ARM.Build.0 = Debug|Any CPU
		{23E2B2F7-5075-4194-A414-627F5C5262EF}.Debug|ARM64.ActiveCfg = Debug|Any CPU
		{23E2B2F7-5075-4194-A414-627F5C5262EF}.Debug|ARM64.Build.0 = Debug|Any CPU
		{23E2B2F7-5075-4194-A414-627F5C5262EF}.Debug|x64.ActiveCfg = Debug|Any CPU
		{23E2B2F7-5075-4194-A414-627F5C5262EF}.Debug|x64.Build.0 = Debug|Any CPU
		{23E2B2F7-5075-4194-A414-627F5C5262EF}.Debug|x86.ActiveCfg = Debug|Any CPU
		{23E2B2F7-5075-4194-A414-627F5C5262EF}.Debug|x86.Build.0 = Debug|Any CPU
		{23E2B2F7-5075-4194-A414-627F5C5262EF}.Release|Any CPU.ActiveCfg = Release|Any CPU
		{23E2B2F7-5075-4194-A414-627F5C5262EF}.Release|Any CPU.Build.0 = Release|Any CPU
		{23E2B2F7-5075-4194-A414-627F5C5262EF}.Release|ARM.ActiveCfg = Release|Any CPU
		{23E2B2F7-5075-4194-A414-627F5C5262EF}.Release|ARM.Build.0 = Release|Any CPU
		{23E2B2F7-5075-4194-A414-627F5C5262EF}.Release|ARM64.ActiveCfg = Release|Any CPU
		{23E2B2F7-5075-4194-A414-627F5C5262EF}.Release|ARM64.Build.0 = Release|Any CPU
		{23E2B2F7-5075-4194-A414-627F5C5262EF}.Release|x64.ActiveCfg = Release|Any CPU
		{23E2B2F7-5075-4194-A414-627F5C5262EF}.Release|x64.Build.0 = Release|Any CPU
		{23E2B2F7-5075-4194-A414-627F5C5262EF}.Release|x86.ActiveCfg = Release|Any CPU
		{23E2B2F7-5075-4194-A414-627F5C5262EF}.Release|x86.Build.0 = Release|Any CPU
	EndGlobalSection
	GlobalSection(SolutionProperties) = preSolution
		HideSolutionNode = FALSE
	EndGlobalSection
	GlobalSection(NestedProjects) = preSolution
		{8228DEBE-2C67-494E-B493-CE2B5041D1CF} = {B86ADD60-F717-4819-AEB4-BBA33EC8C87C}
		{D9346C08-BC5F-4E1F-898C-8FC28DCF0F14} = {B86ADD60-F717-4819-AEB4-BBA33EC8C87C}
		{05B79361-EFE7-4E35-9275-F8EA48A31132} = {B86ADD60-F717-4819-AEB4-BBA33EC8C87C}
		{9FEB4EA2-AA97-4319-AAAB-11CD4D79C399} = {B86ADD60-F717-4819-AEB4-BBA33EC8C87C}
		{1AFAA7E9-4CCC-4A3E-80C3-957CB61F0BD2} = {B86ADD60-F717-4819-AEB4-BBA33EC8C87C}
		{7C520BE3-502F-4902-89A1-7CCE048EE373} = {EE6461C0-B5C3-40CF-8F97-1CE81158D5FF}
		{2AF87E45-89EA-451E-B910-D088574DC62A} = {BF24F7E5-638C-45CC-B9E9-C6E750026846}
		{AD288808-C485-4FC3-B84E-92D49D390301} = {EE6461C0-B5C3-40CF-8F97-1CE81158D5FF}
		{6F7E5A92-A231-4DB2-8A2C-CA160F5DE135} = {EE6461C0-B5C3-40CF-8F97-1CE81158D5FF}
		{DFD5BD09-CD09-4E1C-A6E8-5D5D09CF0310} = {EE6461C0-B5C3-40CF-8F97-1CE81158D5FF}
		{D78F70CB-6870-4688-9D9C-FDDD63406F71} = {EE6461C0-B5C3-40CF-8F97-1CE81158D5FF}
		{C23FFAAB-52FB-468F-806F-D0456CB3040C} = {EE6461C0-B5C3-40CF-8F97-1CE81158D5FF}
		{23E2B2F7-5075-4194-A414-627F5C5262EF} = {EE6461C0-B5C3-40CF-8F97-1CE81158D5FF}
	EndGlobalSection
	GlobalSection(ExtensibilityGlobals) = postSolution
		SolutionGuid = {4900C360-99DD-459E-ACC5-9C35EEAB4CAD}
	EndGlobalSection
EndGlobal
